// !$*UTF8*$!
{
	archiveVersion = 1;
	classes = {
	};
	objectVersion = 56;
	objects = {

/* Begin PBXBuildFile section */
		BD3104562A68934400B92F99 /* directionsView.swift in Sources */ = {isa = PBXBuildFile; fileRef = BD3104552A68934400B92F99 /* directionsView.swift */; };
		BD6CDB1E2A421FA4005571D8 /* gptfoodApp.swift in Sources */ = {isa = PBXBuildFile; fileRef = BD6CDB1D2A421FA4005571D8 /* gptfoodApp.swift */; };
		BD6CDB202A421FA4005571D8 /* IngredientListView.swift in Sources */ = {isa = PBXBuildFile; fileRef = BD6CDB1F2A421FA4005571D8 /* IngredientListView.swift */; };
		BD6CDB222A421FA5005571D8 /* Assets.xcassets in Resources */ = {isa = PBXBuildFile; fileRef = BD6CDB212A421FA5005571D8 /* Assets.xcassets */; };
		BD6CDB262A421FA5005571D8 /* Preview Assets.xcassets in Resources */ = {isa = PBXBuildFile; fileRef = BD6CDB252A421FA5005571D8 /* Preview Assets.xcassets */; };
		BD6CDB302A421FA5005571D8 /* gptfoodTests.swift in Sources */ = {isa = PBXBuildFile; fileRef = BD6CDB2F2A421FA5005571D8 /* gptfoodTests.swift */; };
		BD6CDB3A2A421FA5005571D8 /* gptfoodUITests.swift in Sources */ = {isa = PBXBuildFile; fileRef = BD6CDB392A421FA5005571D8 /* gptfoodUITests.swift */; };
		BD6CDB3C2A421FA5005571D8 /* gptfoodUITestsLaunchTests.swift in Sources */ = {isa = PBXBuildFile; fileRef = BD6CDB3B2A421FA5005571D8 /* gptfoodUITestsLaunchTests.swift */; };
		BD6CDB492A4280F3005571D8 /* RecipeListView.swift in Sources */ = {isa = PBXBuildFile; fileRef = BD6CDB482A4280F3005571D8 /* RecipeListView.swift */; };
		BD6CDB4B2A4281B6005571D8 /* Service.swift in Sources */ = {isa = PBXBuildFile; fileRef = BD6CDB4A2A4281B6005571D8 /* Service.swift */; };
		BD6CDB4D2A428496005571D8 /* Util.swift in Sources */ = {isa = PBXBuildFile; fileRef = BD6CDB4C2A428496005571D8 /* Util.swift */; };
/* End PBXBuildFile section */

/* Begin PBXContainerItemProxy section */
		BD6CDB2C2A421FA5005571D8 /* PBXContainerItemProxy */ = {
			isa = PBXContainerItemProxy;
			containerPortal = BD6CDB122A421FA4005571D8 /* Project object */;
			proxyType = 1;
			remoteGlobalIDString = BD6CDB192A421FA4005571D8;
			remoteInfo = gptfood;
		};
		BD6CDB362A421FA5005571D8 /* PBXContainerItemProxy */ = {
			isa = PBXContainerItemProxy;
			containerPortal = BD6CDB122A421FA4005571D8 /* Project object */;
			proxyType = 1;
			remoteGlobalIDString = BD6CDB192A421FA4005571D8;
			remoteInfo = gptfood;
		};
/* End PBXContainerItemProxy section */

/* Begin PBXFileReference section */
		BD3104552A68934400B92F99 /* directionsView.swift */ = {isa = PBXFileReference; lastKnownFileType = sourcecode.swift; path = directionsView.swift; sourceTree = "<group>"; };
		BD6CDB1A2A421FA4005571D8 /* gptfood.app */ = {isa = PBXFileReference; explicitFileType = wrapper.application; includeInIndex = 0; path = gptfood.app; sourceTree = BUILT_PRODUCTS_DIR; };
		BD6CDB1D2A421FA4005571D8 /* gptfoodApp.swift */ = {isa = PBXFileReference; lastKnownFileType = sourcecode.swift; path = gptfoodApp.swift; sourceTree = "<group>"; };
		BD6CDB1F2A421FA4005571D8 /* IngredientListView.swift */ = {isa = PBXFileReference; lastKnownFileType = sourcecode.swift; path = IngredientListView.swift; sourceTree = "<group>"; };
		BD6CDB212A421FA5005571D8 /* Assets.xcassets */ = {isa = PBXFileReference; lastKnownFileType = folder.assetcatalog; path = Assets.xcassets; sourceTree = "<group>"; };
		BD6CDB232A421FA5005571D8 /* gptfood.entitlements */ = {isa = PBXFileReference; lastKnownFileType = text.plist.entitlements; path = gptfood.entitlements; sourceTree = "<group>"; };
		BD6CDB252A421FA5005571D8 /* Preview Assets.xcassets */ = {isa = PBXFileReference; lastKnownFileType = folder.assetcatalog; path = "Preview Assets.xcassets"; sourceTree = "<group>"; };
		BD6CDB2B2A421FA5005571D8 /* gptfoodTests.xctest */ = {isa = PBXFileReference; explicitFileType = wrapper.cfbundle; includeInIndex = 0; path = gptfoodTests.xctest; sourceTree = BUILT_PRODUCTS_DIR; };
		BD6CDB2F2A421FA5005571D8 /* gptfoodTests.swift */ = {isa = PBXFileReference; lastKnownFileType = sourcecode.swift; path = gptfoodTests.swift; sourceTree = "<group>"; };
		BD6CDB352A421FA5005571D8 /* gptfoodUITests.xctest */ = {isa = PBXFileReference; explicitFileType = wrapper.cfbundle; includeInIndex = 0; path = gptfoodUITests.xctest; sourceTree = BUILT_PRODUCTS_DIR; };
		BD6CDB392A421FA5005571D8 /* gptfoodUITests.swift */ = {isa = PBXFileReference; lastKnownFileType = sourcecode.swift; path = gptfoodUITests.swift; sourceTree = "<group>"; };
		BD6CDB3B2A421FA5005571D8 /* gptfoodUITestsLaunchTests.swift */ = {isa = PBXFileReference; lastKnownFileType = sourcecode.swift; path = gptfoodUITestsLaunchTests.swift; sourceTree = "<group>"; };
		BD6CDB482A4280F3005571D8 /* RecipeListView.swift */ = {isa = PBXFileReference; lastKnownFileType = sourcecode.swift; path = RecipeListView.swift; sourceTree = "<group>"; };
		BD6CDB4A2A4281B6005571D8 /* Service.swift */ = {isa = PBXFileReference; lastKnownFileType = sourcecode.swift; path = Service.swift; sourceTree = "<group>"; };
		BD6CDB4C2A428496005571D8 /* Util.swift */ = {isa = PBXFileReference; lastKnownFileType = sourcecode.swift; path = Util.swift; sourceTree = "<group>"; };
/* End PBXFileReference section */

/* Begin PBXFrameworksBuildPhase section */
		BD6CDB172A421FA4005571D8 /* Frameworks */ = {
			isa = PBXFrameworksBuildPhase;
			buildActionMask = 2147483647;
			files = (
			);
			runOnlyForDeploymentPostprocessing = 0;
		};
		BD6CDB282A421FA5005571D8 /* Frameworks */ = {
			isa = PBXFrameworksBuildPhase;
			buildActionMask = 2147483647;
			files = (
			);
			runOnlyForDeploymentPostprocessing = 0;
		};
		BD6CDB322A421FA5005571D8 /* Frameworks */ = {
			isa = PBXFrameworksBuildPhase;
			buildActionMask = 2147483647;
			files = (
			);
			runOnlyForDeploymentPostprocessing = 0;
		};
/* End PBXFrameworksBuildPhase section */

/* Begin PBXGroup section */
		BD6CDB112A421FA4005571D8 = {
			isa = PBXGroup;
			children = (
				BD3104552A68934400B92F99 /* directionsView.swift */,
				BD6CDB1C2A421FA4005571D8 /* gptfood */,
				BD6CDB2E2A421FA5005571D8 /* gptfoodTests */,
				BD6CDB382A421FA5005571D8 /* gptfoodUITests */,
				BD6CDB1B2A421FA4005571D8 /* Products */,
			);
			sourceTree = "<group>";
		};
		BD6CDB1B2A421FA4005571D8 /* Products */ = {
			isa = PBXGroup;
			children = (
				BD6CDB1A2A421FA4005571D8 /* gptfood.app */,
				BD6CDB2B2A421FA5005571D8 /* gptfoodTests.xctest */,
				BD6CDB352A421FA5005571D8 /* gptfoodUITests.xctest */,
			);
			name = Products;
			sourceTree = "<group>";
		};
		BD6CDB1C2A421FA4005571D8 /* gptfood */ = {
			isa = PBXGroup;
			children = (
				BD6CDB4C2A428496005571D8 /* Util.swift */,
				BD6CDB4A2A4281B6005571D8 /* Service.swift */,
				BD6CDB482A4280F3005571D8 /* RecipeListView.swift */,
				BD6CDB1F2A421FA4005571D8 /* IngredientListView.swift */,
				BD6CDB1D2A421FA4005571D8 /* gptfoodApp.swift */,
				BD6CDB212A421FA5005571D8 /* Assets.xcassets */,
				BD6CDB232A421FA5005571D8 /* gptfood.entitlements */,
				BD6CDB242A421FA5005571D8 /* Preview Content */,
			);
			path = gptfood;
			sourceTree = "<group>";
		};
		BD6CDB242A421FA5005571D8 /* Preview Content */ = {
			isa = PBXGroup;
			children = (
				BD6CDB252A421FA5005571D8 /* Preview Assets.xcassets */,
			);
			path = "Preview Content";
			sourceTree = "<group>";
		};
		BD6CDB2E2A421FA5005571D8 /* gptfoodTests */ = {
			isa = PBXGroup;
			children = (
				BD6CDB2F2A421FA5005571D8 /* gptfoodTests.swift */,
			);
			path = gptfoodTests;
			sourceTree = "<group>";
		};
		BD6CDB382A421FA5005571D8 /* gptfoodUITests */ = {
			isa = PBXGroup;
			children = (
				BD6CDB392A421FA5005571D8 /* gptfoodUITests.swift */,
				BD6CDB3B2A421FA5005571D8 /* gptfoodUITestsLaunchTests.swift */,
			);
			path = gptfoodUITests;
			sourceTree = "<group>";
		};
/* End PBXGroup section */

/* Begin PBXNativeTarget section */
		BD6CDB192A421FA4005571D8 /* gptfood */ = {
			isa = PBXNativeTarget;
			buildConfigurationList = BD6CDB3F2A421FA5005571D8 /* Build configuration list for PBXNativeTarget "gptfood" */;
			buildPhases = (
				BD6CDB162A421FA4005571D8 /* Sources */,
				BD6CDB172A421FA4005571D8 /* Frameworks */,
				BD6CDB182A421FA4005571D8 /* Resources */,
			);
			buildRules = (
			);
			dependencies = (
			);
			name = gptfood;
			productName = gptfood;
			productReference = BD6CDB1A2A421FA4005571D8 /* gptfood.app */;
			productType = "com.apple.product-type.application";
		};
		BD6CDB2A2A421FA5005571D8 /* gptfoodTests */ = {
			isa = PBXNativeTarget;
			buildConfigurationList = BD6CDB422A421FA5005571D8 /* Build configuration list for PBXNativeTarget "gptfoodTests" */;
			buildPhases = (
				BD6CDB272A421FA5005571D8 /* Sources */,
				BD6CDB282A421FA5005571D8 /* Frameworks */,
				BD6CDB292A421FA5005571D8 /* Resources */,
			);
			buildRules = (
			);
			dependencies = (
				BD6CDB2D2A421FA5005571D8 /* PBXTargetDependency */,
			);
			name = gptfoodTests;
			productName = gptfoodTests;
			productReference = BD6CDB2B2A421FA5005571D8 /* gptfoodTests.xctest */;
			productType = "com.apple.product-type.bundle.unit-test";
		};
		BD6CDB342A421FA5005571D8 /* gptfoodUITests */ = {
			isa = PBXNativeTarget;
			buildConfigurationList = BD6CDB452A421FA5005571D8 /* Build configuration list for PBXNativeTarget "gptfoodUITests" */;
			buildPhases = (
				BD6CDB312A421FA5005571D8 /* Sources */,
				BD6CDB322A421FA5005571D8 /* Frameworks */,
				BD6CDB332A421FA5005571D8 /* Resources */,
			);
			buildRules = (
			);
			dependencies = (
				BD6CDB372A421FA5005571D8 /* PBXTargetDependency */,
			);
			name = gptfoodUITests;
			productName = gptfoodUITests;
			productReference = BD6CDB352A421FA5005571D8 /* gptfoodUITests.xctest */;
			productType = "com.apple.product-type.bundle.ui-testing";
		};
/* End PBXNativeTarget section */

/* Begin PBXProject section */
		BD6CDB122A421FA4005571D8 /* Project object */ = {
			isa = PBXProject;
			attributes = {
				BuildIndependentTargetsInParallel = 1;
				LastSwiftUpdateCheck = 1430;
				LastUpgradeCheck = 1430;
				TargetAttributes = {
					BD6CDB192A421FA4005571D8 = {
						CreatedOnToolsVersion = 14.3.1;
					};
					BD6CDB2A2A421FA5005571D8 = {
						CreatedOnToolsVersion = 14.3.1;
						TestTargetID = BD6CDB192A421FA4005571D8;
					};
					BD6CDB342A421FA5005571D8 = {
						CreatedOnToolsVersion = 14.3.1;
						TestTargetID = BD6CDB192A421FA4005571D8;
					};
				};
			};
			buildConfigurationList = BD6CDB152A421FA4005571D8 /* Build configuration list for PBXProject "gptfood" */;
			compatibilityVersion = "Xcode 14.0";
			developmentRegion = en;
			hasScannedForEncodings = 0;
			knownRegions = (
				en,
				Base,
			);
			mainGroup = BD6CDB112A421FA4005571D8;
			productRefGroup = BD6CDB1B2A421FA4005571D8 /* Products */;
			projectDirPath = "";
			projectRoot = "";
			targets = (
				BD6CDB192A421FA4005571D8 /* gptfood */,
				BD6CDB2A2A421FA5005571D8 /* gptfoodTests */,
				BD6CDB342A421FA5005571D8 /* gptfoodUITests */,
			);
		};
/* End PBXProject section */

/* Begin PBXResourcesBuildPhase section */
		BD6CDB182A421FA4005571D8 /* Resources */ = {
			isa = PBXResourcesBuildPhase;
			buildActionMask = 2147483647;
			files = (
				BD6CDB262A421FA5005571D8 /* Preview Assets.xcassets in Resources */,
				BD6CDB222A421FA5005571D8 /* Assets.xcassets in Resources */,
			);
			runOnlyForDeploymentPostprocessing = 0;
		};
		BD6CDB292A421FA5005571D8 /* Resources */ = {
			isa = PBXResourcesBuildPhase;
			buildActionMask = 2147483647;
			files = (
			);
			runOnlyForDeploymentPostprocessing = 0;
		};
		BD6CDB332A421FA5005571D8 /* Resources */ = {
			isa = PBXResourcesBuildPhase;
			buildActionMask = 2147483647;
			files = (
			);
			runOnlyForDeploymentPostprocessing = 0;
		};
/* End PBXResourcesBuildPhase section */

/* Begin PBXSourcesBuildPhase section */
		BD6CDB162A421FA4005571D8 /* Sources */ = {
			isa = PBXSourcesBuildPhase;
			buildActionMask = 2147483647;
			files = (
				BD3104562A68934400B92F99 /* directionsView.swift in Sources */,
				BD6CDB492A4280F3005571D8 /* RecipeListView.swift in Sources */,
				BD6CDB4B2A4281B6005571D8 /* Service.swift in Sources */,
				BD6CDB202A421FA4005571D8 /* IngredientListView.swift in Sources */,
				BD6CDB4D2A428496005571D8 /* Util.swift in Sources */,
				BD6CDB1E2A421FA4005571D8 /* gptfoodApp.swift in Sources */,
			);
			runOnlyForDeploymentPostprocessing = 0;
		};
		BD6CDB272A421FA5005571D8 /* Sources */ = {
			isa = PBXSourcesBuildPhase;
			buildActionMask = 2147483647;
			files = (
				BD6CDB302A421FA5005571D8 /* gptfoodTests.swift in Sources */,
			);
			runOnlyForDeploymentPostprocessing = 0;
		};
		BD6CDB312A421FA5005571D8 /* Sources */ = {
			isa = PBXSourcesBuildPhase;
			buildActionMask = 2147483647;
			files = (
				BD6CDB3C2A421FA5005571D8 /* gptfoodUITestsLaunchTests.swift in Sources */,
				BD6CDB3A2A421FA5005571D8 /* gptfoodUITests.swift in Sources */,
			);
			runOnlyForDeploymentPostprocessing = 0;
		};
/* End PBXSourcesBuildPhase section */

/* Begin PBXTargetDependency section */
		BD6CDB2D2A421FA5005571D8 /* PBXTargetDependency */ = {
			isa = PBXTargetDependency;
			target = BD6CDB192A421FA4005571D8 /* gptfood */;
			targetProxy = BD6CDB2C2A421FA5005571D8 /* PBXContainerItemProxy */;
		};
		BD6CDB372A421FA5005571D8 /* PBXTargetDependency */ = {
			isa = PBXTargetDependency;
			target = BD6CDB192A421FA4005571D8 /* gptfood */;
			targetProxy = BD6CDB362A421FA5005571D8 /* PBXContainerItemProxy */;
		};
/* End PBXTargetDependency section */

/* Begin XCBuildConfiguration section */
		BD6CDB3D2A421FA5005571D8 /* Debug */ = {
			isa = XCBuildConfiguration;
			buildSettings = {
				ALWAYS_SEARCH_USER_PATHS = NO;
				CLANG_ANALYZER_NONNULL = YES;
				CLANG_ANALYZER_NUMBER_OBJECT_CONVERSION = YES_AGGRESSIVE;
				CLANG_CXX_LANGUAGE_STANDARD = "gnu++20";
				CLANG_ENABLE_MODULES = YES;
				CLANG_ENABLE_OBJC_ARC = YES;
				CLANG_ENABLE_OBJC_WEAK = YES;
				CLANG_WARN_BLOCK_CAPTURE_AUTORELEASING = YES;
				CLANG_WARN_BOOL_CONVERSION = YES;
				CLANG_WARN_COMMA = YES;
				CLANG_WARN_CONSTANT_CONVERSION = YES;
				CLANG_WARN_DEPRECATED_OBJC_IMPLEMENTATIONS = YES;
				CLANG_WARN_DIRECT_OBJC_ISA_USAGE = YES_ERROR;
				CLANG_WARN_DOCUMENTATION_COMMENTS = YES;
				CLANG_WARN_EMPTY_BODY = YES;
				CLANG_WARN_ENUM_CONVERSION = YES;
				CLANG_WARN_INFINITE_RECURSION = YES;
				CLANG_WARN_INT_CONVERSION = YES;
				CLANG_WARN_NON_LITERAL_NULL_CONVERSION = YES;
				CLANG_WARN_OBJC_IMPLICIT_RETAIN_SELF = YES;
				CLANG_WARN_OBJC_LITERAL_CONVERSION = YES;
				CLANG_WARN_OBJC_ROOT_CLASS = YES_ERROR;
				CLANG_WARN_QUOTED_INCLUDE_IN_FRAMEWORK_HEADER = YES;
				CLANG_WARN_RANGE_LOOP_ANALYSIS = YES;
				CLANG_WARN_STRICT_PROTOTYPES = YES;
				CLANG_WARN_SUSPICIOUS_MOVE = YES;
				CLANG_WARN_UNGUARDED_AVAILABILITY = YES_AGGRESSIVE;
				CLANG_WARN_UNREACHABLE_CODE = YES;
				CLANG_WARN__DUPLICATE_METHOD_MATCH = YES;
				COPY_PHASE_STRIP = NO;
				DEBUG_INFORMATION_FORMAT = dwarf;
				ENABLE_STRICT_OBJC_MSGSEND = YES;
				ENABLE_TESTABILITY = YES;
				GCC_C_LANGUAGE_STANDARD = gnu11;
				GCC_DYNAMIC_NO_PIC = NO;
				GCC_NO_COMMON_BLOCKS = YES;
				GCC_OPTIMIZATION_LEVEL = 0;
				GCC_PREPROCESSOR_DEFINITIONS = (
					"DEBUG=1",
					"$(inherited)",
				);
				GCC_WARN_64_TO_32_BIT_CONVERSION = YES;
				GCC_WARN_ABOUT_RETURN_TYPE = YES_ERROR;
				GCC_WARN_UNDECLARED_SELECTOR = YES;
				GCC_WARN_UNINITIALIZED_AUTOS = YES_AGGRESSIVE;
				GCC_WARN_UNUSED_FUNCTION = YES;
				GCC_WARN_UNUSED_VARIABLE = YES;
				MTL_ENABLE_DEBUG_INFO = INCLUDE_SOURCE;
				MTL_FAST_MATH = YES;
				ONLY_ACTIVE_ARCH = YES;
				SWIFT_ACTIVE_COMPILATION_CONDITIONS = DEBUG;
				SWIFT_OPTIMIZATION_LEVEL = "-Onone";
			};
			name = Debug;
		};
		BD6CDB3E2A421FA5005571D8 /* Release */ = {
			isa = XCBuildConfiguration;
			buildSettings = {
				ALWAYS_SEARCH_USER_PATHS = NO;
				CLANG_ANALYZER_NONNULL = YES;
				CLANG_ANALYZER_NUMBER_OBJECT_CONVERSION = YES_AGGRESSIVE;
				CLANG_CXX_LANGUAGE_STANDARD = "gnu++20";
				CLANG_ENABLE_MODULES = YES;
				CLANG_ENABLE_OBJC_ARC = YES;
				CLANG_ENABLE_OBJC_WEAK = YES;
				CLANG_WARN_BLOCK_CAPTURE_AUTORELEASING = YES;
				CLANG_WARN_BOOL_CONVERSION = YES;
				CLANG_WARN_COMMA = YES;
				CLANG_WARN_CONSTANT_CONVERSION = YES;
				CLANG_WARN_DEPRECATED_OBJC_IMPLEMENTATIONS = YES;
				CLANG_WARN_DIRECT_OBJC_ISA_USAGE = YES_ERROR;
				CLANG_WARN_DOCUMENTATION_COMMENTS = YES;
				CLANG_WARN_EMPTY_BODY = YES;
				CLANG_WARN_ENUM_CONVERSION = YES;
				CLANG_WARN_INFINITE_RECURSION = YES;
				CLANG_WARN_INT_CONVERSION = YES;
				CLANG_WARN_NON_LITERAL_NULL_CONVERSION = YES;
				CLANG_WARN_OBJC_IMPLICIT_RETAIN_SELF = YES;
				CLANG_WARN_OBJC_LITERAL_CONVERSION = YES;
				CLANG_WARN_OBJC_ROOT_CLASS = YES_ERROR;
				CLANG_WARN_QUOTED_INCLUDE_IN_FRAMEWORK_HEADER = YES;
				CLANG_WARN_RANGE_LOOP_ANALYSIS = YES;
				CLANG_WARN_STRICT_PROTOTYPES = YES;
				CLANG_WARN_SUSPICIOUS_MOVE = YES;
				CLANG_WARN_UNGUARDED_AVAILABILITY = YES_AGGRESSIVE;
				CLANG_WARN_UNREACHABLE_CODE = YES;
				CLANG_WARN__DUPLICATE_METHOD_MATCH = YES;
				COPY_PHASE_STRIP = NO;
				DEBUG_INFORMATION_FORMAT = "dwarf-with-dsym";
				ENABLE_NS_ASSERTIONS = NO;
				ENABLE_STRICT_OBJC_MSGSEND = YES;
				GCC_C_LANGUAGE_STANDARD = gnu11;
				GCC_NO_COMMON_BLOCKS = YES;
				GCC_WARN_64_TO_32_BIT_CONVERSION = YES;
				GCC_WARN_ABOUT_RETURN_TYPE = YES_ERROR;
				GCC_WARN_UNDECLARED_SELECTOR = YES;
				GCC_WARN_UNINITIALIZED_AUTOS = YES_AGGRESSIVE;
				GCC_WARN_UNUSED_FUNCTION = YES;
				GCC_WARN_UNUSED_VARIABLE = YES;
				MTL_ENABLE_DEBUG_INFO = NO;
				MTL_FAST_MATH = YES;
				SWIFT_COMPILATION_MODE = wholemodule;
				SWIFT_OPTIMIZATION_LEVEL = "-O";
			};
			name = Release;
		};
		BD6CDB402A421FA5005571D8 /* Debug */ = {
			isa = XCBuildConfiguration;
			buildSettings = {
				ASSETCATALOG_COMPILER_APPICON_NAME = AppIcon;
				ASSETCATALOG_COMPILER_GLOBAL_ACCENT_COLOR_NAME = AccentColor;
				CODE_SIGN_ENTITLEMENTS = gptfood/gptfood.entitlements;
				CODE_SIGN_STYLE = Automatic;
				CURRENT_PROJECT_VERSION = 1;
				DEVELOPMENT_ASSET_PATHS = "\"gptfood/Preview Content\"";
				DEVELOPMENT_TEAM = GF2QC9NR78;
				ENABLE_PREVIEWS = YES;
				GENERATE_INFOPLIST_FILE = YES;
				"INFOPLIST_KEY_UIApplicationSceneManifest_Generation[sdk=iphoneos*]" = YES;
				"INFOPLIST_KEY_UIApplicationSceneManifest_Generation[sdk=iphonesimulator*]" = YES;
				"INFOPLIST_KEY_UIApplicationSupportsIndirectInputEvents[sdk=iphoneos*]" = YES;
				"INFOPLIST_KEY_UIApplicationSupportsIndirectInputEvents[sdk=iphonesimulator*]" = YES;
				"INFOPLIST_KEY_UILaunchScreen_Generation[sdk=iphoneos*]" = YES;
				"INFOPLIST_KEY_UILaunchScreen_Generation[sdk=iphonesimulator*]" = YES;
				"INFOPLIST_KEY_UIStatusBarStyle[sdk=iphoneos*]" = UIStatusBarStyleDefault;
				"INFOPLIST_KEY_UIStatusBarStyle[sdk=iphonesimulator*]" = UIStatusBarStyleDefault;
				INFOPLIST_KEY_UISupportedInterfaceOrientations_iPad = "UIInterfaceOrientationPortrait UIInterfaceOrientationPortraitUpsideDown UIInterfaceOrientationLandscapeLeft UIInterfaceOrientationLandscapeRight";
				INFOPLIST_KEY_UISupportedInterfaceOrientations_iPhone = "UIInterfaceOrientationPortrait UIInterfaceOrientationLandscapeLeft UIInterfaceOrientationLandscapeRight";
				IPHONEOS_DEPLOYMENT_TARGET = 16.4;
				LD_RUNPATH_SEARCH_PATHS = "@executable_path/Frameworks";
				"LD_RUNPATH_SEARCH_PATHS[sdk=macosx*]" = "@executable_path/../Frameworks";
				MACOSX_DEPLOYMENT_TARGET = 13.2;
				MARKETING_VERSION = 1.0;
				PRODUCT_BUNDLE_IDENTIFIER = andylegrand.gptfood;
				PRODUCT_NAME = "$(TARGET_NAME)";
				SDKROOT = auto;
				SUPPORTED_PLATFORMS = "iphoneos iphonesimulator macosx";
				SWIFT_EMIT_LOC_STRINGS = YES;
				SWIFT_VERSION = 5.0;
				TARGETED_DEVICE_FAMILY = "1,2";
			};
			name = Debug;
		};
		BD6CDB412A421FA5005571D8 /* Release */ = {
			isa = XCBuildConfiguration;
			buildSettings = {
				ASSETCATALOG_COMPILER_APPICON_NAME = AppIcon;
				ASSETCATALOG_COMPILER_GLOBAL_ACCENT_COLOR_NAME = AccentColor;
				CODE_SIGN_ENTITLEMENTS = gptfood/gptfood.entitlements;
				CODE_SIGN_STYLE = Automatic;
				CURRENT_PROJECT_VERSION = 1;
				DEVELOPMENT_ASSET_PATHS = "\"gptfood/Preview Content\"";
				DEVELOPMENT_TEAM = GF2QC9NR78;
				ENABLE_PREVIEWS = YES;
				GENERATE_INFOPLIST_FILE = YES;
				"INFOPLIST_KEY_UIApplicationSceneManifest_Generation[sdk=iphoneos*]" = YES;
				"INFOPLIST_KEY_UIApplicationSceneManifest_Generation[sdk=iphonesimulator*]" = YES;
				"INFOPLIST_KEY_UIApplicationSupportsIndirectInputEvents[sdk=iphoneos*]" = YES;
				"INFOPLIST_KEY_UIApplicationSupportsIndirectInputEvents[sdk=iphonesimulator*]" = YES;
				"INFOPLIST_KEY_UILaunchScreen_Generation[sdk=iphoneos*]" = YES;
				"INFOPLIST_KEY_UILaunchScreen_Generation[sdk=iphonesimulator*]" = YES;
				"INFOPLIST_KEY_UIStatusBarStyle[sdk=iphoneos*]" = UIStatusBarStyleDefault;
				"INFOPLIST_KEY_UIStatusBarStyle[sdk=iphonesimulator*]" = UIStatusBarStyleDefault;
				INFOPLIST_KEY_UISupportedInterfaceOrientations_iPad = "UIInterfaceOrientationPortrait UIInterfaceOrientationPortraitUpsideDown UIInterfaceOrientationLandscapeLeft UIInterfaceOrientationLandscapeRight";
				INFOPLIST_KEY_UISupportedInterfaceOrientations_iPhone = "UIInterfaceOrientationPortrait UIInterfaceOrientationLandscapeLeft UIInterfaceOrientationLandscapeRight";
				IPHONEOS_DEPLOYMENT_TARGET = 16.4;
				LD_RUNPATH_SEARCH_PATHS = "@executable_path/Frameworks";
				"LD_RUNPATH_SEARCH_PATHS[sdk=macosx*]" = "@executable_path/../Frameworks";
				MACOSX_DEPLOYMENT_TARGET = 13.2;
				MARKETING_VERSION = 1.0;
				PRODUCT_BUNDLE_IDENTIFIER = andylegrand.gptfood;
				PRODUCT_NAME = "$(TARGET_NAME)";
				SDKROOT = auto;
				SUPPORTED_PLATFORMS = "iphoneos iphonesimulator macosx";
				SWIFT_EMIT_LOC_STRINGS = YES;
				SWIFT_VERSION = 5.0;
				TARGETED_DEVICE_FAMILY = "1,2";
			};
			name = Release;
		};
		BD6CDB432A421FA5005571D8 /* Debug */ = {
			isa = XCBuildConfiguration;
			buildSettings = {
				ALWAYS_EMBED_SWIFT_STANDARD_LIBRARIES = YES;
				BUNDLE_LOADER = "$(TEST_HOST)";
				CODE_SIGN_STYLE = Automatic;
				CURRENT_PROJECT_VERSION = 1;
				GENERATE_INFOPLIST_FILE = YES;
				IPHONEOS_DEPLOYMENT_TARGET = 16.4;
				MACOSX_DEPLOYMENT_TARGET = 13.2;
				MARKETING_VERSION = 1.0;
				PRODUCT_BUNDLE_IDENTIFIER = andylegrand.gptfoodTests;
				PRODUCT_NAME = "$(TARGET_NAME)";
				SDKROOT = auto;
				SUPPORTED_PLATFORMS = "iphoneos iphonesimulator macosx";
				SWIFT_EMIT_LOC_STRINGS = NO;
				SWIFT_VERSION = 5.0;
				TARGETED_DEVICE_FAMILY = "1,2";
				TEST_HOST = "$(BUILT_PRODUCTS_DIR)/gptfood.app/$(BUNDLE_EXECUTABLE_FOLDER_PATH)/gptfood";
			};
			name = Debug;
		};
		BD6CDB442A421FA5005571D8 /* Release */ = {
			isa = XCBuildConfiguration;
			buildSettings = {
				ALWAYS_EMBED_SWIFT_STANDARD_LIBRARIES = YES;
				BUNDLE_LOADER = "$(TEST_HOST)";
				CODE_SIGN_STYLE = Automatic;
				CURRENT_PROJECT_VERSION = 1;
				GENERATE_INFOPLIST_FILE = YES;
				IPHONEOS_DEPLOYMENT_TARGET = 16.4;
				MACOSX_DEPLOYMENT_TARGET = 13.2;
				MARKETING_VERSION = 1.0;
				PRODUCT_BUNDLE_IDENTIFIER = andylegrand.gptfoodTests;
				PRODUCT_NAME = "$(TARGET_NAME)";
				SDKROOT = auto;
				SUPPORTED_PLATFORMS = "iphoneos iphonesimulator macosx";
				SWIFT_EMIT_LOC_STRINGS = NO;
				SWIFT_VERSION = 5.0;
				TARGETED_DEVICE_FAMILY = "1,2";
				TEST_HOST = "$(BUILT_PRODUCTS_DIR)/gptfood.app/$(BUNDLE_EXECUTABLE_FOLDER_PATH)/gptfood";
			};
			name = Release;
		};
		BD6CDB462A421FA5005571D8 /* Debug */ = {
			isa = XCBuildConfiguration;
			buildSettings = {
				ALWAYS_EMBED_SWIFT_STANDARD_LIBRARIES = YES;
				CODE_SIGN_STYLE = Automatic;
				CURRENT_PROJECT_VERSION = 1;
				GENERATE_INFOPLIST_FILE = YES;
				IPHONEOS_DEPLOYMENT_TARGET = 16.4;
				MACOSX_DEPLOYMENT_TARGET = 13.2;
				MARKETING_VERSION = 1.0;
				PRODUCT_BUNDLE_IDENTIFIER = andylegrand.gptfoodUITests;
				PRODUCT_NAME = "$(TARGET_NAME)";
				SDKROOT = auto;
				SUPPORTED_PLATFORMS = "iphoneos iphonesimulator macosx";
				SWIFT_EMIT_LOC_STRINGS = NO;
				SWIFT_VERSION = 5.0;
				TARGETED_DEVICE_FAMILY = "1,2";
				TEST_TARGET_NAME = gptfood;
			};
			name = Debug;
		};
		BD6CDB472A421FA5005571D8 /* Release */ = {
			isa = XCBuildConfiguration;
			buildSettings = {
				ALWAYS_EMBED_SWIFT_STANDARD_LIBRARIES = YES;
				CODE_SIGN_STYLE = Automatic;
				CURRENT_PROJECT_VERSION = 1;
				GENERATE_INFOPLIST_FILE = YES;
				IPHONEOS_DEPLOYMENT_TARGET = 16.4;
				MACOSX_DEPLOYMENT_TARGET = 13.2;
				MARKETING_VERSION = 1.0;
				PRODUCT_BUNDLE_IDENTIFIER = andylegrand.gptfoodUITests;
				PRODUCT_NAME = "$(TARGET_NAME)";
				SDKROOT = auto;
				SUPPORTED_PLATFORMS = "iphoneos iphonesimulator macosx";
				SWIFT_EMIT_LOC_STRINGS = NO;
				SWIFT_VERSION = 5.0;
				TARGETED_DEVICE_FAMILY = "1,2";
				TEST_TARGET_NAME = gptfood;
			};
			name = Release;
		};
/* End XCBuildConfiguration section */

/* Begin XCConfigurationList section */
		BD6CDB152A421FA4005571D8 /* Build configuration list for PBXProject "gptfood" */ = {
			isa = XCConfigurationList;
			buildConfigurations = (
				BD6CDB3D2A421FA5005571D8 /* Debug */,
				BD6CDB3E2A421FA5005571D8 /* Release */,
			);
			defaultConfigurationIsVisible = 0;
			defaultConfigurationName = Release;
		};
		BD6CDB3F2A421FA5005571D8 /* Build configuration list for PBXNativeTarget "gptfood" */ = {
			isa = XCConfigurationList;
			buildConfigurations = (
				BD6CDB402A421FA5005571D8 /* Debug */,
				BD6CDB412A421FA5005571D8 /* Release */,
			);
			defaultConfigurationIsVisible = 0;
			defaultConfigurationName = Release;
		};
		BD6CDB422A421FA5005571D8 /* Build configuration list for PBXNativeTarget "gptfoodTests" */ = {
			isa = XCConfigurationList;
			buildConfigurations = (
				BD6CDB432A421FA5005571D8 /* Debug */,
				BD6CDB442A421FA5005571D8 /* Release */,
			);
			defaultConfigurationIsVisible = 0;
			defaultConfigurationName = Release;
		};
		BD6CDB452A421FA5005571D8 /* Build configuration list for PBXNativeTarget "gptfoodUITests" */ = {
			isa = XCConfigurationList;
			buildConfigurations = (
				BD6CDB462A421FA5005571D8 /* Debug */,
				BD6CDB472A421FA5005571D8 /* Release */,
			);
			defaultConfigurationIsVisible = 0;
			defaultConfigurationName = Release;
		};
/* End XCConfigurationList section */
	};
	rootObject = BD6CDB122A421FA4005571D8 /* Project object */;
}
